
Microsoft Visual Studio Solution File, Format Version 12.00
# Visual Studio Version 17
VisualStudioVersion = 17.6.33815.320
MinimumVisualStudioVersion = 10.0.40219.1
Project("{FAE04EC0-301F-11D3-BF4B-00C04F79EFBC}") = "PaginatingEFCore", "PaginatingEFCore\PaginatingEFCore.csproj", "{C06E99DD-1505-4D39-92A1-8F906B804027}"
EndProject
Global
	GlobalSection(SolutionConfigurationPlatforms) = preSolution
		Debug|Any CPU = Debug|Any CPU
		Release|Any CPU = Release|Any CPU
	EndGlobalSection
	GlobalSection(ProjectConfigurationPlatforms) = postSolution
		{C06E99DD-1505-4D39-92A1-8F906B804027}.Debug|Any CPU.ActiveCfg = Debug|Any CPU
		{C06E99DD-1505-4D39-92A1-8F906B804027}.Debug|Any CPU.Build.0 = Debug|Any CPU
		{C06E99DD-1505-4D39-92A1-8F906B804027}.Release|Any CPU.ActiveCfg = Release|Any CPU
		{C06E99DD-1505-4D39-92A1-8F906B804027}.Release|Any CPU.Build.0 = Release|Any CPU
	EndGlobalSection
	GlobalSection(SolutionProperties) = preSolution
		HideSolutionNode = FALSE
	EndGlobalSection
	GlobalSection(ExtensibilityGlobals) = postSolution
		SolutionGuid = {FB0EA7BB-3ED2-4C32-AA18-42FF94E9A687}
	EndGlobalSection
EndGlobal
